
Microsoft Visual Studio Solution File, Format Version 12.00
# Visual Studio Version 16
VisualStudioVersion = 16.0.29306.81
MinimumVisualStudioVersion = 10.0.40219.1
Project("{FAE04EC0-301F-11D3-BF4B-00C04F79EFBC}") = "DZlevelUP_1309", "DZlevelUP_1309\DZlevelUP_1309.csproj", "{028785A6-8D09-44C1-9CB7-25BC4DA20915}"
EndProject
Global
	GlobalSection(SolutionConfigurationPlatforms) = preSolution
		Debug|Any CPU = Debug|Any CPU
		Release|Any CPU = Release|Any CPU
	EndGlobalSection
	GlobalSection(ProjectConfigurationPlatforms) = postSolution
		{028785A6-8D09-44C1-9CB7-25BC4DA20915}.Debug|Any CPU.ActiveCfg = Debug|Any CPU
		{028785A6-8D09-44C1-9CB7-25BC4DA20915}.Debug|Any CPU.Build.0 = Debug|Any CPU
		{028785A6-8D09-44C1-9CB7-25BC4DA20915}.Release|Any CPU.ActiveCfg = Release|Any CPU
		{028785A6-8D09-44C1-9CB7-25BC4DA20915}.Release|Any CPU.Build.0 = Release|Any CPU
	EndGlobalSection
	GlobalSection(SolutionProperties) = preSolution
		HideSolutionNode = FALSE
	EndGlobalSection
	GlobalSection(ExtensibilityGlobals) = postSolution
		SolutionGuid = {CF9D0489-9DEF-42CB-9FB0-7AD0DD5C8F19}
	EndGlobalSection
EndGlobal
